// !$*UTF8*$!
{
	archiveVersion = 1;
	classes = {
	};
	objectVersion = 55;
	objects = {

/* Begin PBXBuildFile section */
		D891831F2A150EC500CBDB48 /* AppDelegate.swift in Sources */ = {isa = PBXBuildFile; fileRef = D891831E2A150EC500CBDB48 /* AppDelegate.swift */; };
		D89183212A150EC500CBDB48 /* SceneDelegate.swift in Sources */ = {isa = PBXBuildFile; fileRef = D89183202A150EC500CBDB48 /* SceneDelegate.swift */; };
		D89183232A150EC500CBDB48 /* ViewController.swift in Sources */ = {isa = PBXBuildFile; fileRef = D89183222A150EC500CBDB48 /* ViewController.swift */; };
		D89183262A150EC500CBDB48 /* Main.storyboard in Resources */ = {isa = PBXBuildFile; fileRef = D89183242A150EC500CBDB48 /* Main.storyboard */; };
		D89183292A150EC500CBDB48 /* MedinaColeccionDeJuegos.xcdatamodeld in Sources */ = {isa = PBXBuildFile; fileRef = D89183272A150EC500CBDB48 /* MedinaColeccionDeJuegos.xcdatamodeld */; };
		D891832B2A150EC900CBDB48 /* Assets.xcassets in Resources */ = {isa = PBXBuildFile; fileRef = D891832A2A150EC900CBDB48 /* Assets.xcassets */; };
		D891832E2A150EC900CBDB48 /* LaunchScreen.storyboard in Resources */ = {isa = PBXBuildFile; fileRef = D891832C2A150EC900CBDB48 /* LaunchScreen.storyboard */; };
		D89183362A151A7900CBDB48 /* JuegosViewController.swift in Sources */ = {isa = PBXBuildFile; fileRef = D89183352A151A7900CBDB48 /* JuegosViewController.swift */; };
/* End PBXBuildFile section */

/* Begin PBXFileReference section */
		D891831B2A150EC500CBDB48 /* MedinaColeccionDeJuegos.app */ = {isa = PBXFileReference; explicitFileType = wrapper.application; includeInIndex = 0; path = MedinaColeccionDeJuegos.app; sourceTree = BUILT_PRODUCTS_DIR; };
		D891831E2A150EC500CBDB48 /* AppDelegate.swift */ = {isa = PBXFileReference; lastKnownFileType = sourcecode.swift; path = AppDelegate.swift; sourceTree = "<group>"; };
		D89183202A150EC500CBDB48 /* SceneDelegate.swift */ = {isa = PBXFileReference; lastKnownFileType = sourcecode.swift; path = SceneDelegate.swift; sourceTree = "<group>"; };
		D89183222A150EC500CBDB48 /* ViewController.swift */ = {isa = PBXFileReference; lastKnownFileType = sourcecode.swift; path = ViewController.swift; sourceTree = "<group>"; };
		D89183252A150EC500CBDB48 /* Base */ = {isa = PBXFileReference; lastKnownFileType = file.storyboard; name = Base; path = Base.lproj/Main.storyboard; sourceTree = "<group>"; };
		D89183282A150EC500CBDB48 /* MedinaColeccionDeJuegos.xcdatamodel */ = {isa = PBXFileReference; lastKnownFileType = wrapper.xcdatamodel; path = MedinaColeccionDeJuegos.xcdatamodel; sourceTree = "<group>"; };
		D891832A2A150EC900CBDB48 /* Assets.xcassets */ = {isa = PBXFileReference; lastKnownFileType = folder.assetcatalog; path = Assets.xcassets; sourceTree = "<group>"; };
		D891832D2A150EC900CBDB48 /* Base */ = {isa = PBXFileReference; lastKnownFileType = file.storyboard; name = Base; path = Base.lproj/LaunchScreen.storyboard; sourceTree = "<group>"; };
		D891832F2A150EC900CBDB48 /* Info.plist */ = {isa = PBXFileReference; lastKnownFileType = text.plist.xml; path = Info.plist; sourceTree = "<group>"; };
		D89183352A151A7900CBDB48 /* JuegosViewController.swift */ = {isa = PBXFileReference; lastKnownFileType = sourcecode.swift; path = JuegosViewController.swift; sourceTree = "<group>"; };
/* End PBXFileReference section */

/* Begin PBXFrameworksBuildPhase section */
		D89183182A150EC500CBDB48 /* Frameworks */ = {
			isa = PBXFrameworksBuildPhase;
			buildActionMask = 2147483647;
			files = (
			);
			runOnlyForDeploymentPostprocessing = 0;
		};
/* End PBXFrameworksBuildPhase section */

/* Begin PBXGroup section */
		D89183122A150EC500CBDB48 = {
			isa = PBXGroup;
			children = (
				D891831D2A150EC500CBDB48 /* MedinaColeccionDeJuegos */,
				D891831C2A150EC500CBDB48 /* Products */,
			);
			sourceTree = "<group>";
		};
		D891831C2A150EC500CBDB48 /* Products */ = {
			isa = PBXGroup;
			children = (
				D891831B2A150EC500CBDB48 /* MedinaColeccionDeJuegos.app */,
			);
			name = Products;
			sourceTree = "<group>";
		};
		D891831D2A150EC500CBDB48 /* MedinaColeccionDeJuegos */ = {
			isa = PBXGroup;
			children = (
				D891831E2A150EC500CBDB48 /* AppDelegate.swift */,
				D89183202A150EC500CBDB48 /* SceneDelegate.swift */,
				D89183222A150EC500CBDB48 /* ViewController.swift */,
				D89183242A150EC500CBDB48 /* Main.storyboard */,
				D891832A2A150EC900CBDB48 /* Assets.xcassets */,
				D891832C2A150EC900CBDB48 /* LaunchScreen.storyboard */,
				D891832F2A150EC900CBDB48 /* Info.plist */,
				D89183272A150EC500CBDB48 /* MedinaColeccionDeJuegos.xcdatamodeld */,
				D89183352A151A7900CBDB48 /* JuegosViewController.swift */,
			);
			path = MedinaColeccionDeJuegos;
			sourceTree = "<group>";
		};
/* End PBXGroup section */

/* Begin PBXNativeTarget section */
		D891831A2A150EC500CBDB48 /* MedinaColeccionDeJuegos */ = {
			isa = PBXNativeTarget;
			buildConfigurationList = D89183322A150EC900CBDB48 /* Build configuration list for PBXNativeTarget "MedinaColeccionDeJuegos" */;
			buildPhases = (
				D89183172A150EC500CBDB48 /* Sources */,
				D89183182A150EC500CBDB48 /* Frameworks */,
				D89183192A150EC500CBDB48 /* Resources */,
			);
			buildRules = (
			);
			dependencies = (
			);
			name = MedinaColeccionDeJuegos;
			productName = MedinaColeccionDeJuegos;
			productReference = D891831B2A150EC500CBDB48 /* MedinaColeccionDeJuegos.app */;
			productType = "com.apple.product-type.application";
		};
/* End PBXNativeTarget section */

/* Begin PBXProject section */
		D89183132A150EC500CBDB48 /* Project object */ = {
			isa = PBXProject;
			attributes = {
				BuildIndependentTargetsInParallel = 1;
				LastSwiftUpdateCheck = 1340;
				LastUpgradeCheck = 1340;
				TargetAttributes = {
					D891831A2A150EC500CBDB48 = {
						CreatedOnToolsVersion = 13.4.1;
					};
				};
			};
			buildConfigurationList = D89183162A150EC500CBDB48 /* Build configuration list for PBXProject "MedinaColeccionDeJuegos" */;
			compatibilityVersion = "Xcode 13.0";
			developmentRegion = en;
			hasScannedForEncodings = 0;
			knownRegions = (
				en,
				Base,
			);
			mainGroup = D89183122A150EC500CBDB48;
			productRefGroup = D891831C2A150EC500CBDB48 /* Products */;
			projectDirPath = "";
			projectRoot = "";
			targets = (
				D891831A2A150EC500CBDB48 /* MedinaColeccionDeJuegos */,
			);
		};
/* End PBXProject section */

/* Begin PBXResourcesBuildPhase section */
		D89183192A150EC500CBDB48 /* Resources */ = {
			isa = PBXResourcesBuildPhase;
			buildActionMask = 2147483647;
			files = (
				D891832E2A150EC900CBDB48 /* LaunchScreen.storyboard in Resources */,
				D891832B2A150EC900CBDB48 /* Assets.xcassets in Resources */,
				D89183262A150EC500CBDB48 /* Main.storyboard in Resources */,
			);
			runOnlyForDeploymentPostprocessing = 0;
		};
/* End PBXResourcesBuildPhase section */

/* Begin PBXSourcesBuildPhase section */
		D89183172A150EC500CBDB48 /* Sources */ = {
			isa = PBXSourcesBuildPhase;
			buildActionMask = 2147483647;
			files = (
				D89183362A151A7900CBDB48 /* JuegosViewController.swift in Sources */,
				D89183232A150EC500CBDB48 /* ViewController.swift in Sources */,
				D891831F2A150EC500CBDB48 /* AppDelegate.swift in Sources */,
				D89183212A150EC500CBDB48 /* SceneDelegate.swift in Sources */,
				D89183292A150EC500CBDB48 /* MedinaColeccionDeJuegos.xcdatamodeld in Sources */,
			);
			runOnlyForDeploymentPostprocessing = 0;
		};
/* End PBXSourcesBuildPhase section */

/* Begin PBXVariantGroup section */
		D89183242A150EC500CBDB48 /* Main.storyboard */ = {
			isa = PBXVariantGroup;
			children = (
				D89183252A150EC500CBDB48 /* Base */,
			);
			name = Main.storyboard;
			sourceTree = "<group>";
		};
		D891832C2A150EC900CBDB48 /* LaunchScreen.storyboard */ = {
			isa = PBXVariantGroup;
			children = (
				D891832D2A150EC900CBDB48 /* Base */,
			);
			name = LaunchScreen.storyboard;
			sourceTree = "<group>";
		};
/* End PBXVariantGroup section */

/* Begin XCBuildConfiguration section */
		D89183302A150EC900CBDB48 /* Debug */ = {
			isa = XCBuildConfiguration;
			buildSettings = {
				ALWAYS_SEARCH_USER_PATHS = NO;
				CLANG_ANALYZER_NONNULL = YES;
				CLANG_ANALYZER_NUMBER_OBJECT_CONVERSION = YES_AGGRESSIVE;
				CLANG_CXX_LANGUAGE_STANDARD = "gnu++17";
				CLANG_ENABLE_MODULES = YES;
				CLANG_ENABLE_OBJC_ARC = YES;
				CLANG_ENABLE_OBJC_WEAK = YES;
				CLANG_WARN_BLOCK_CAPTURE_AUTORELEASING = YES;
				CLANG_WARN_BOOL_CONVERSION = YES;
				CLANG_WARN_COMMA = YES;
				CLANG_WARN_CONSTANT_CONVERSION = YES;
				CLANG_WARN_DEPRECATED_OBJC_IMPLEMENTATIONS = YES;
				CLANG_WARN_DIRECT_OBJC_ISA_USAGE = YES_ERROR;
				CLANG_WARN_DOCUMENTATION_COMMENTS = YES;
				CLANG_WARN_EMPTY_BODY = YES;
				CLANG_WARN_ENUM_CONVERSION = YES;
				CLANG_WARN_INFINITE_RECURSION = YES;
				CLANG_WARN_INT_CONVERSION = YES;
				CLANG_WARN_NON_LITERAL_NULL_CONVERSION = YES;
				CLANG_WARN_OBJC_IMPLICIT_RETAIN_SELF = YES;
				CLANG_WARN_OBJC_LITERAL_CONVERSION = YES;
				CLANG_WARN_OBJC_ROOT_CLASS = YES_ERROR;
				CLANG_WARN_QUOTED_INCLUDE_IN_FRAMEWORK_HEADER = YES;
				CLANG_WARN_RANGE_LOOP_ANALYSIS = YES;
				CLANG_WARN_STRICT_PROTOTYPES = YES;
				CLANG_WARN_SUSPICIOUS_MOVE = YES;
				CLANG_WARN_UNGUARDED_AVAILABILITY = YES_AGGRESSIVE;
				CLANG_WARN_UNREACHABLE_CODE = YES;
				CLANG_WARN__DUPLICATE_METHOD_MATCH = YES;
				COPY_PHASE_STRIP = NO;
				DEBUG_INFORMATION_FORMAT = dwarf;
				ENABLE_STRICT_OBJC_MSGSEND = YES;
				ENABLE_TESTABILITY = YES;
				GCC_C_LANGUAGE_STANDARD = gnu11;
				GCC_DYNAMIC_NO_PIC = NO;
				GCC_NO_COMMON_BLOCKS = YES;
				GCC_OPTIMIZATION_LEVEL = 0;
				GCC_PREPROCESSOR_DEFINITIONS = (
					"DEBUG=1",
					"$(inherited)",
				);
				GCC_WARN_64_TO_32_BIT_CONVERSION = YES;
				GCC_WARN_ABOUT_RETURN_TYPE = YES_ERROR;
				GCC_WARN_UNDECLARED_SELECTOR = YES;
				GCC_WARN_UNINITIALIZED_AUTOS = YES_AGGRESSIVE;
				GCC_WARN_UNUSED_FUNCTION = YES;
				GCC_WARN_UNUSED_VARIABLE = YES;
				IPHONEOS_DEPLOYMENT_TARGET = 15.5;
				MTL_ENABLE_DEBUG_INFO = INCLUDE_SOURCE;
				MTL_FAST_MATH = YES;
				ONLY_ACTIVE_ARCH = YES;
				SDKROOT = iphoneos;
				SWIFT_ACTIVE_COMPILATION_CONDITIONS = DEBUG;
				SWIFT_OPTIMIZATION_LEVEL = "-Onone";
			};
			name = Debug;
		};
		D89183312A150EC900CBDB48 /* Release */ = {
			isa = XCBuildConfiguration;
			buildSettings = {
				ALWAYS_SEARCH_USER_PATHS = NO;
				CLANG_ANALYZER_NONNULL = YES;
				CLANG_ANALYZER_NUMBER_OBJECT_CONVERSION = YES_AGGRESSIVE;
				CLANG_CXX_LANGUAGE_STANDARD = "gnu++17";
				CLANG_ENABLE_MODULES = YES;
				CLANG_ENABLE_OBJC_ARC = YES;
				CLANG_ENABLE_OBJC_WEAK = YES;
				CLANG_WARN_BLOCK_CAPTURE_AUTORELEASING = YES;
				CLANG_WARN_BOOL_CONVERSION = YES;
				CLANG_WARN_COMMA = YES;
				CLANG_WARN_CONSTANT_CONVERSION = YES;
				CLANG_WARN_DEPRECATED_OBJC_IMPLEMENTATIONS = YES;
				CLANG_WARN_DIRECT_OBJC_ISA_USAGE = YES_ERROR;
				CLANG_WARN_DOCUMENTATION_COMMENTS = YES;
				CLANG_WARN_EMPTY_BODY = YES;
				CLANG_WARN_ENUM_CONVERSION = YES;
				CLANG_WARN_INFINITE_RECURSION = YES;
				CLANG_WARN_INT_CONVERSION = YES;
				CLANG_WARN_NON_LITERAL_NULL_CONVERSION = YES;
				CLANG_WARN_OBJC_IMPLICIT_RETAIN_SELF = YES;
				CLANG_WARN_OBJC_LITERAL_CONVERSION = YES;
				CLANG_WARN_OBJC_ROOT_CLASS = YES_ERROR;
				CLANG_WARN_QUOTED_INCLUDE_IN_FRAMEWORK_HEADER = YES;
				CLANG_WARN_RANGE_LOOP_ANALYSIS = YES;
				CLANG_WARN_STRICT_PROTOTYPES = YES;
				CLANG_WARN_SUSPICIOUS_MOVE = YES;
				CLANG_WARN_UNGUARDED_AVAILABILITY = YES_AGGRESSIVE;
				CLANG_WARN_UNREACHABLE_CODE = YES;
				CLANG_WARN__DUPLICATE_METHOD_MATCH = YES;
				COPY_PHASE_STRIP = NO;
				DEBUG_INFORMATION_FORMAT = "dwarf-with-dsym";
				ENABLE_NS_ASSERTIONS = NO;
				ENABLE_STRICT_OBJC_MSGSEND = YES;
				GCC_C_LANGUAGE_STANDARD = gnu11;
				GCC_NO_COMMON_BLOCKS = YES;
				GCC_WARN_64_TO_32_BIT_CONVERSION = YES;
				GCC_WARN_ABOUT_RETURN_TYPE = YES_ERROR;
				GCC_WARN_UNDECLARED_SELECTOR = YES;
				GCC_WARN_UNINITIALIZED_AUTOS = YES_AGGRESSIVE;
				GCC_WARN_UNUSED_FUNCTION = YES;
				GCC_WARN_UNUSED_VARIABLE = YES;
				IPHONEOS_DEPLOYMENT_TARGET = 15.5;
				MTL_ENABLE_DEBUG_INFO = NO;
				MTL_FAST_MATH = YES;
				SDKROOT = iphoneos;
				SWIFT_COMPILATION_MODE = wholemodule;
				SWIFT_OPTIMIZATION_LEVEL = "-O";
				VALIDATE_PRODUCT = YES;
			};
			name = Release;
		};
		D89183332A150EC900CBDB48 /* Debug */ = {
			isa = XCBuildConfiguration;
			buildSettings = {
				ASSETCATALOG_COMPILER_APPICON_NAME = AppIcon;
				ASSETCATALOG_COMPILER_GLOBAL_ACCENT_COLOR_NAME = AccentColor;
				CODE_SIGN_STYLE = Automatic;
				CURRENT_PROJECT_VERSION = 1;
				GENERATE_INFOPLIST_FILE = YES;
				INFOPLIST_FILE = MedinaColeccionDeJuegos/Info.plist;
				INFOPLIST_KEY_UIApplicationSupportsIndirectInputEvents = YES;
				INFOPLIST_KEY_UILaunchStoryboardName = LaunchScreen;
				INFOPLIST_KEY_UIMainStoryboardFile = Main;
				INFOPLIST_KEY_UISupportedInterfaceOrientations_iPad = "UIInterfaceOrientationPortrait UIInterfaceOrientationPortraitUpsideDown UIInterfaceOrientationLandscapeLeft UIInterfaceOrientationLandscapeRight";
				INFOPLIST_KEY_UISupportedInterfaceOrientations_iPhone = "UIInterfaceOrientationPortrait UIInterfaceOrientationLandscapeLeft UIInterfaceOrientationLandscapeRight";
				LD_RUNPATH_SEARCH_PATHS = (
					"$(inherited)",
					"@executable_path/Frameworks",
				);
				MARKETING_VERSION = 1.0;
				PRODUCT_BUNDLE_IDENTIFIER = miempresa.MedinaColeccionDeJuegos;
				PRODUCT_NAME = "$(TARGET_NAME)";
				SWIFT_EMIT_LOC_STRINGS = YES;
				SWIFT_VERSION = 5.0;
				TARGETED_DEVICE_FAMILY = "1,2";
			};
			name = Debug;
		};
		D89183342A150EC900CBDB48 /* Release */ = {
			isa = XCBuildConfiguration;
			buildSettings = {
				ASSETCATALOG_COMPILER_APPICON_NAME = AppIcon;
				ASSETCATALOG_COMPILER_GLOBAL_ACCENT_COLOR_NAME = AccentColor;
				CODE_SIGN_STYLE = Automatic;
				CURRENT_PROJECT_VERSION = 1;
				GENERATE_INFOPLIST_FILE = YES;
				INFOPLIST_FILE = MedinaColeccionDeJuegos/Info.plist;
				INFOPLIST_KEY_UIApplicationSupportsIndirectInputEvents = YES;
				INFOPLIST_KEY_UILaunchStoryboardName = LaunchScreen;
				INFOPLIST_KEY_UIMainStoryboardFile = Main;
				INFOPLIST_KEY_UISupportedInterfaceOrientations_iPad = "UIInterfaceOrientationPortrait UIInterfaceOrientationPortraitUpsideDown UIInterfaceOrientationLandscapeLeft UIInterfaceOrientationLandscapeRight";
				INFOPLIST_KEY_UISupportedInterfaceOrientations_iPhone = "UIInterfaceOrientationPortrait UIInterfaceOrientationLandscapeLeft UIInterfaceOrientationLandscapeRight";
				LD_RUNPATH_SEARCH_PATHS = (
					"$(inherited)",
					"@executable_path/Frameworks",
				);
				MARKETING_VERSION = 1.0;
				PRODUCT_BUNDLE_IDENTIFIER = miempresa.MedinaColeccionDeJuegos;
				PRODUCT_NAME = "$(TARGET_NAME)";
				SWIFT_EMIT_LOC_STRINGS = YES;
				SWIFT_VERSION = 5.0;
				TARGETED_DEVICE_FAMILY = "1,2";
			};
			name = Release;
		};
/* End XCBuildConfiguration section */

/* Begin XCConfigurationList section */
		D89183162A150EC500CBDB48 /* Build configuration list for PBXProject "MedinaColeccionDeJuegos" */ = {
			isa = XCConfigurationList;
			buildConfigurations = (
				D89183302A150EC900CBDB48 /* Debug */,
				D89183312A150EC900CBDB48 /* Release */,
			);
			defaultConfigurationIsVisible = 0;
			defaultConfigurationName = Release;
		};
		D89183322A150EC900CBDB48 /* Build configuration list for PBXNativeTarget "MedinaColeccionDeJuegos" */ = {
			isa = XCConfigurationList;
			buildConfigurations = (
				D89183332A150EC900CBDB48 /* Debug */,
				D89183342A150EC900CBDB48 /* Release */,
			);
			defaultConfigurationIsVisible = 0;
			defaultConfigurationName = Release;
		};
/* End XCConfigurationList section */

/* Begin XCVersionGroup section */
		D89183272A150EC500CBDB48 /* MedinaColeccionDeJuegos.xcdatamodeld */ = {
			isa = XCVersionGroup;
			children = (
				D89183282A150EC500CBDB48 /* MedinaColeccionDeJuegos.xcdatamodel */,
			);
			currentVersion = D89183282A150EC500CBDB48 /* MedinaColeccionDeJuegos.xcdatamodel */;
			path = MedinaColeccionDeJuegos.xcdatamodeld;
			sourceTree = "<group>";
			versionGroupType = wrapper.xcdatamodel;
		};
/* End XCVersionGroup section */
	};
	rootObject = D89183132A150EC500CBDB48 /* Project object */;
}
